
Microsoft Visual Studio Solution File, Format Version 12.00
# Visual Studio Version 17
VisualStudioVersion = 17.1.32210.238
MinimumVisualStudioVersion = 10.0.40219.1
Project("{9A19103F-16F7-4668-BE54-9A1E7A4F7556}") = "MLNet", "MLNet\MLNet.csproj", "{4AB0292C-6EA8-43B3-A40B-9865812089E2}"
EndProject
Project("{2150E333-8FDC-42A3-9474-1A3956D46DE8}") = "DataSet", "DataSet", "{27D21137-6B82-421F-BC5C-FDC3EB54176B}"
	ProjectSection(SolutionItems) = preProject
		DataSet\data_multivar.txt = DataSet\data_multivar.txt
		DataSet\data_singlevar.txt = DataSet\data_singlevar.txt
		DataSet\iris.data = DataSet\iris.data
	EndProjectSection
EndProject
Project("{2150E333-8FDC-42A3-9474-1A3956D46DE8}") = "Document", "Document", "{C3D790D4-9CBC-4122-BEDC-7829FAD93EB4}"
	ProjectSection(SolutionItems) = preProject
		Document\demolog.png = Document\demolog.png
		Document\frame.png = Document\frame.png
		Document\优化算法.png = Document\优化算法.png
		Document\总框架.png = Document\总框架.png
		Document\无监督学习.png = Document\无监督学习.png
	EndProjectSection
EndProject
Project("{2150E333-8FDC-42A3-9474-1A3956D46DE8}") = "Solution Items", "Solution Items", "{56312993-AD3C-40EE-AF5C-706D27046579}"
	ProjectSection(SolutionItems) = preProject
		.gitignore = .gitignore
		README.md = README.md
	EndProjectSection
EndProject
Project("{9A19103F-16F7-4668-BE54-9A1E7A4F7556}") = "Demo", "Demo\Demo.csproj", "{EA6914BB-398B-4BA5-BE95-949812807CF8}"
EndProject
Project("{9A19103F-16F7-4668-BE54-9A1E7A4F7556}") = "MLNetTest", "MLNetTest\MLNetTest.csproj", "{241AF7AA-2CA4-4D7B-BD2C-E15D446C49D3}"
EndProject
Global
	GlobalSection(SolutionConfigurationPlatforms) = preSolution
		Debug|Any CPU = Debug|Any CPU
		Release|Any CPU = Release|Any CPU
	EndGlobalSection
	GlobalSection(ProjectConfigurationPlatforms) = postSolution
		{4AB0292C-6EA8-43B3-A40B-9865812089E2}.Debug|Any CPU.ActiveCfg = Debug|Any CPU
		{4AB0292C-6EA8-43B3-A40B-9865812089E2}.Debug|Any CPU.Build.0 = Debug|Any CPU
		{4AB0292C-6EA8-43B3-A40B-9865812089E2}.Release|Any CPU.ActiveCfg = Release|Any CPU
		{4AB0292C-6EA8-43B3-A40B-9865812089E2}.Release|Any CPU.Build.0 = Release|Any CPU
		{EA6914BB-398B-4BA5-BE95-949812807CF8}.Debug|Any CPU.ActiveCfg = Debug|Any CPU
		{EA6914BB-398B-4BA5-BE95-949812807CF8}.Debug|Any CPU.Build.0 = Debug|Any CPU
		{EA6914BB-398B-4BA5-BE95-949812807CF8}.Release|Any CPU.ActiveCfg = Release|Any CPU
		{EA6914BB-398B-4BA5-BE95-949812807CF8}.Release|Any CPU.Build.0 = Release|Any CPU
		{241AF7AA-2CA4-4D7B-BD2C-E15D446C49D3}.Debug|Any CPU.ActiveCfg = Debug|Any CPU
		{241AF7AA-2CA4-4D7B-BD2C-E15D446C49D3}.Debug|Any CPU.Build.0 = Debug|Any CPU
		{241AF7AA-2CA4-4D7B-BD2C-E15D446C49D3}.Release|Any CPU.ActiveCfg = Release|Any CPU
		{241AF7AA-2CA4-4D7B-BD2C-E15D446C49D3}.Release|Any CPU.Build.0 = Release|Any CPU
	EndGlobalSection
	GlobalSection(SolutionProperties) = preSolution
		HideSolutionNode = FALSE
	EndGlobalSection
	GlobalSection(ExtensibilityGlobals) = postSolution
		SolutionGuid = {2EB375F6-2A5B-442E-B43A-FD4C859F21E6}
	EndGlobalSection
EndGlobal
