
Microsoft Visual Studio Solution File, Format Version 12.00
# Visual Studio Version 17
VisualStudioVersion = 17.1.32210.238
MinimumVisualStudioVersion = 10.0.40219.1
Project("{9A19103F-16F7-4668-BE54-9A1E7A4F7556}") = "LinearRegression", "LinearRegression\LinearRegression.csproj", "{2AA9DD7E-6DD5-44CC-860D-CD52D50D3815}"
EndProject
Global
	GlobalSection(SolutionConfigurationPlatforms) = preSolution
		Debug|Any CPU = Debug|Any CPU
		Release|Any CPU = Release|Any CPU
	EndGlobalSection
	GlobalSection(ProjectConfigurationPlatforms) = postSolution
		{2AA9DD7E-6DD5-44CC-860D-CD52D50D3815}.Debug|Any CPU.ActiveCfg = Debug|Any CPU
		{2AA9DD7E-6DD5-44CC-860D-CD52D50D3815}.Debug|Any CPU.Build.0 = Debug|Any CPU
		{2AA9DD7E-6DD5-44CC-860D-CD52D50D3815}.Release|Any CPU.ActiveCfg = Release|Any CPU
		{2AA9DD7E-6DD5-44CC-860D-CD52D50D3815}.Release|Any CPU.Build.0 = Release|Any CPU
	EndGlobalSection
	GlobalSection(SolutionProperties) = preSolution
		HideSolutionNode = FALSE
	EndGlobalSection
	GlobalSection(ExtensibilityGlobals) = postSolution
		SolutionGuid = {2EB375F6-2A5B-442E-B43A-FD4C859F21E6}
	EndGlobalSection
EndGlobal
